
Microsoft Visual Studio Solution File, Format Version 12.00
# Visual Studio Version 16
VisualStudioVersion = 16.0.31129.286
MinimumVisualStudioVersion = 10.0.40219.1
Project("{FAE04EC0-301F-11D3-BF4B-00C04F79EFBC}") = "ImageConvert", "ImageConvert\ImageConvert.csproj", "{29545B65-CF1C-4C1D-898A-D6FA0A57A26D}"
EndProject
Global
	GlobalSection(SolutionConfigurationPlatforms) = preSolution
		Debug|Any CPU = Debug|Any CPU
		Release|Any CPU = Release|Any CPU
	EndGlobalSection
	GlobalSection(ProjectConfigurationPlatforms) = postSolution
		{29545B65-CF1C-4C1D-898A-D6FA0A57A26D}.Debug|Any CPU.ActiveCfg = Debug|Any CPU
		{29545B65-CF1C-4C1D-898A-D6FA0A57A26D}.Debug|Any CPU.Build.0 = Debug|Any CPU
		{29545B65-CF1C-4C1D-898A-D6FA0A57A26D}.Release|Any CPU.ActiveCfg = Release|Any CPU
		{29545B65-CF1C-4C1D-898A-D6FA0A57A26D}.Release|Any CPU.Build.0 = Release|Any CPU
	EndGlobalSection
	GlobalSection(SolutionProperties) = preSolution
		HideSolutionNode = FALSE
	EndGlobalSection
	GlobalSection(ExtensibilityGlobals) = postSolution
		SolutionGuid = {66C32B6F-A929-48C1-A63C-F83B38E9D677}
	EndGlobalSection
EndGlobal
